
Microsoft Visual Studio Solution File, Format Version 12.00
# Visual Studio Version 17
VisualStudioVersion = 17.8.34322.80
MinimumVisualStudioVersion = 10.0.40219.1
Project("{8BC9CEB8-8B4A-11D0-8D11-00A0C91BC942}") = "Калькулятор двух чисел", "Калькулятор двух чисел\Калькулятор двух чисел.vcxproj", "{3D76B3EC-8537-41E4-9562-266B09633163}"
EndProject
Global
	GlobalSection(SolutionConfigurationPlatforms) = preSolution
		Debug|x64 = Debug|x64
		Debug|x86 = Debug|x86
		Release|x64 = Release|x64
		Release|x86 = Release|x86
	EndGlobalSection
	GlobalSection(ProjectConfigurationPlatforms) = postSolution
		{3D76B3EC-8537-41E4-9562-266B09633163}.Debug|x64.ActiveCfg = Debug|x64
		{3D76B3EC-8537-41E4-9562-266B09633163}.Debug|x64.Build.0 = Debug|x64
		{3D76B3EC-8537-41E4-9562-266B09633163}.Debug|x86.ActiveCfg = Debug|Win32
		{3D76B3EC-8537-41E4-9562-266B09633163}.Debug|x86.Build.0 = Debug|Win32
		{3D76B3EC-8537-41E4-9562-266B09633163}.Release|x64.ActiveCfg = Release|x64
		{3D76B3EC-8537-41E4-9562-266B09633163}.Release|x64.Build.0 = Release|x64
		{3D76B3EC-8537-41E4-9562-266B09633163}.Release|x86.ActiveCfg = Release|Win32
		{3D76B3EC-8537-41E4-9562-266B09633163}.Release|x86.Build.0 = Release|Win32
	EndGlobalSection
	GlobalSection(SolutionProperties) = preSolution
		HideSolutionNode = FALSE
	EndGlobalSection
	GlobalSection(ExtensibilityGlobals) = postSolution
		SolutionGuid = {BE42BF4A-EC42-4077-9881-96A277D101B7}
	EndGlobalSection
EndGlobal
